Microsoft Visual Studio Solution File, Format Version 12.00
# Visual Studio 15
Project("{2150E333-8FDC-42A3-9474-1A3956D46DE8}") = "CMakePredefinedTargets", "CMakePredefinedTargets", "{5494763B-3B7E-3198-B247-86AA38A0FBA6}"
EndProject
Project("{2150E333-8FDC-42A3-9474-1A3956D46DE8}") = "Project", "Project", "{2DB12DDF-8AC8-3E9D-A98E-7A9379D1612D}"
EndProject
Project("{8BC9CEB8-8B4A-11D0-8D11-00A0C91BC942}") = "GameLauncher", "GameLauncher.vcxproj", "{957E729F-2E06-3D00-8B10-CD7616692563}"
	ProjectSection(ProjectDependencies) = postProject
		{AB6028AD-8232-3078-A291-552A8E79D3A8} = {AB6028AD-8232-3078-A291-552A8E79D3A8}
	EndProjectSection
EndProject
Project("{8BC9CEB8-8B4A-11D0-8D11-00A0C91BC942}") = "ALL_BUILD", "ALL_BUILD.vcxproj", "{64121478-3832-35A8-9A3F-6797D6E7FE6B}"
	ProjectSection(ProjectDependencies) = postProject
		{C8770FAC-73CC-39C8-87E2-578B36E9D336} = {C8770FAC-73CC-39C8-87E2-578B36E9D336}
		{957E729F-2E06-3D00-8B10-CD7616692563} = {957E729F-2E06-3D00-8B10-CD7616692563}
		{98CD6416-2842-3BCF-88E4-C98AE66FD7A1} = {98CD6416-2842-3BCF-88E4-C98AE66FD7A1}
		{CD666A26-8420-33FD-9976-C1D123E7C5AD} = {CD666A26-8420-33FD-9976-C1D123E7C5AD}
		{AB6028AD-8232-3078-A291-552A8E79D3A8} = {AB6028AD-8232-3078-A291-552A8E79D3A8}
	EndProjectSection
EndProject
Project("{8BC9CEB8-8B4A-11D0-8D11-00A0C91BC942}") = "Editor", "Editor.vcxproj", "{C8770FAC-73CC-39C8-87E2-578B36E9D336}"
	ProjectSection(ProjectDependencies) = postProject
		{AB6028AD-8232-3078-A291-552A8E79D3A8} = {AB6028AD-8232-3078-A291-552A8E79D3A8}
	EndProjectSection
EndProject
Project("{8BC9CEB8-8B4A-11D0-8D11-00A0C91BC942}") = "GameServer", "GameServer.vcxproj", "{98CD6416-2842-3BCF-88E4-C98AE66FD7A1}"
	ProjectSection(ProjectDependencies) = postProject
		{AB6028AD-8232-3078-A291-552A8E79D3A8} = {AB6028AD-8232-3078-A291-552A8E79D3A8}
	EndProjectSection
EndProject
Project("{8BC9CEB8-8B4A-11D0-8D11-00A0C91BC942}") = "INSTALL", "INSTALL.vcxproj", "{ABC9DACC-BE31-3D09-BB09-691BE514EEDC}"
	ProjectSection(ProjectDependencies) = postProject
		{64121478-3832-35A8-9A3F-6797D6E7FE6B} = {64121478-3832-35A8-9A3F-6797D6E7FE6B}
		{AB6028AD-8232-3078-A291-552A8E79D3A8} = {AB6028AD-8232-3078-A291-552A8E79D3A8}
	EndProjectSection
EndProject
Project("{8BC9CEB8-8B4A-11D0-8D11-00A0C91BC942}") = "Plugin", "Plugin.vcxproj", "{CD666A26-8420-33FD-9976-C1D123E7C5AD}"
	ProjectSection(ProjectDependencies) = postProject
		{AB6028AD-8232-3078-A291-552A8E79D3A8} = {AB6028AD-8232-3078-A291-552A8E79D3A8}
	EndProjectSection
EndProject
Project("{8BC9CEB8-8B4A-11D0-8D11-00A0C91BC942}") = "ZERO_CHECK", "ZERO_CHECK.vcxproj", "{AB6028AD-8232-3078-A291-552A8E79D3A8}"
	ProjectSection(ProjectDependencies) = postProject
	EndProjectSection
EndProject
Global
	GlobalSection(SolutionConfigurationPlatforms) = preSolution
		Debug|x64 = Debug|x64
		Profile|x64 = Profile|x64
		Release|x64 = Release|x64
	EndGlobalSection
	GlobalSection(ProjectConfigurationPlatforms) = postSolution
		{957E729F-2E06-3D00-8B10-CD7616692563}.Debug|x64.ActiveCfg = Debug|x64
		{957E729F-2E06-3D00-8B10-CD7616692563}.Debug|x64.Build.0 = Debug|x64
		{957E729F-2E06-3D00-8B10-CD7616692563}.Profile|x64.ActiveCfg = Profile|x64
		{957E729F-2E06-3D00-8B10-CD7616692563}.Profile|x64.Build.0 = Profile|x64
		{957E729F-2E06-3D00-8B10-CD7616692563}.Release|x64.ActiveCfg = Release|x64
		{957E729F-2E06-3D00-8B10-CD7616692563}.Release|x64.Build.0 = Release|x64
		{64121478-3832-35A8-9A3F-6797D6E7FE6B}.Debug|x64.ActiveCfg = Debug|x64
		{64121478-3832-35A8-9A3F-6797D6E7FE6B}.Debug|x64.Build.0 = Debug|x64
		{64121478-3832-35A8-9A3F-6797D6E7FE6B}.Profile|x64.ActiveCfg = Profile|x64
		{64121478-3832-35A8-9A3F-6797D6E7FE6B}.Profile|x64.Build.0 = Profile|x64
		{64121478-3832-35A8-9A3F-6797D6E7FE6B}.Release|x64.ActiveCfg = Release|x64
		{64121478-3832-35A8-9A3F-6797D6E7FE6B}.Release|x64.Build.0 = Release|x64
		{C8770FAC-73CC-39C8-87E2-578B36E9D336}.Debug|x64.ActiveCfg = Debug|x64
		{C8770FAC-73CC-39C8-87E2-578B36E9D336}.Debug|x64.Build.0 = Debug|x64
		{C8770FAC-73CC-39C8-87E2-578B36E9D336}.Profile|x64.ActiveCfg = Profile|x64
		{C8770FAC-73CC-39C8-87E2-578B36E9D336}.Profile|x64.Build.0 = Profile|x64
		{C8770FAC-73CC-39C8-87E2-578B36E9D336}.Release|x64.ActiveCfg = Release|x64
		{C8770FAC-73CC-39C8-87E2-578B36E9D336}.Release|x64.Build.0 = Release|x64
		{98CD6416-2842-3BCF-88E4-C98AE66FD7A1}.Debug|x64.ActiveCfg = Debug|x64
		{98CD6416-2842-3BCF-88E4-C98AE66FD7A1}.Debug|x64.Build.0 = Debug|x64
		{98CD6416-2842-3BCF-88E4-C98AE66FD7A1}.Profile|x64.ActiveCfg = Profile|x64
		{98CD6416-2842-3BCF-88E4-C98AE66FD7A1}.Profile|x64.Build.0 = Profile|x64
		{98CD6416-2842-3BCF-88E4-C98AE66FD7A1}.Release|x64.ActiveCfg = Release|x64
		{98CD6416-2842-3BCF-88E4-C98AE66FD7A1}.Release|x64.Build.0 = Release|x64
		{ABC9DACC-BE31-3D09-BB09-691BE514EEDC}.Debug|x64.ActiveCfg = Debug|x64
		{ABC9DACC-BE31-3D09-BB09-691BE514EEDC}.Profile|x64.ActiveCfg = Profile|x64
		{ABC9DACC-BE31-3D09-BB09-691BE514EEDC}.Release|x64.ActiveCfg = Release|x64
		{CD666A26-8420-33FD-9976-C1D123E7C5AD}.Debug|x64.ActiveCfg = Debug|x64
		{CD666A26-8420-33FD-9976-C1D123E7C5AD}.Debug|x64.Build.0 = Debug|x64
		{CD666A26-8420-33FD-9976-C1D123E7C5AD}.Profile|x64.ActiveCfg = Profile|x64
		{CD666A26-8420-33FD-9976-C1D123E7C5AD}.Profile|x64.Build.0 = Profile|x64
		{CD666A26-8420-33FD-9976-C1D123E7C5AD}.Release|x64.ActiveCfg = Release|x64
		{CD666A26-8420-33FD-9976-C1D123E7C5AD}.Release|x64.Build.0 = Release|x64
		{AB6028AD-8232-3078-A291-552A8E79D3A8}.Debug|x64.ActiveCfg = Debug|x64
		{AB6028AD-8232-3078-A291-552A8E79D3A8}.Debug|x64.Build.0 = Debug|x64
		{AB6028AD-8232-3078-A291-552A8E79D3A8}.Profile|x64.ActiveCfg = Profile|x64
		{AB6028AD-8232-3078-A291-552A8E79D3A8}.Profile|x64.Build.0 = Profile|x64
		{AB6028AD-8232-3078-A291-552A8E79D3A8}.Release|x64.ActiveCfg = Release|x64
		{AB6028AD-8232-3078-A291-552A8E79D3A8}.Release|x64.Build.0 = Release|x64
	EndGlobalSection
	GlobalSection(NestedProjects) = preSolution
		{64121478-3832-35A8-9A3F-6797D6E7FE6B} = {5494763B-3B7E-3198-B247-86AA38A0FBA6}
		{ABC9DACC-BE31-3D09-BB09-691BE514EEDC} = {5494763B-3B7E-3198-B247-86AA38A0FBA6}
		{AB6028AD-8232-3078-A291-552A8E79D3A8} = {5494763B-3B7E-3198-B247-86AA38A0FBA6}
		{CD666A26-8420-33FD-9976-C1D123E7C5AD} = {2DB12DDF-8AC8-3E9D-A98E-7A9379D1612D}
	EndGlobalSection
	GlobalSection(ExtensibilityGlobals) = postSolution
		SolutionGuid = {71F3F27E-4D57-30B5-B42B-3804F8769BE8}
	EndGlobalSection
	GlobalSection(ExtensibilityAddIns) = postSolution
	EndGlobalSection
EndGlobal
