<?xml version="1.0" encoding="UTF-8"?>
<Project ToolsVersion="15.0" xmlns="http://schemas.microsoft.com/developer/msbuild/2003">
  <ItemGroup>
    <CustomBuild Include="C:\Programing\CryModules\solutions\win64\CMakeFiles\d57a8bad5d0213cbae89a03f5f9611fc\generate.stamp.rule">
      <Filter>CMake Rules</Filter>
    </CustomBuild>
  </ItemGroup>
  <ItemGroup>
    <Filter Include="CMake Rules">
      <UniqueIdentifier>{384C8C10-3CB3-313A-AFEB-7392A18EB249}</UniqueIdentifier>
    </Filter>
  </ItemGroup>
</Project>
